{
  "version": 4,
  "terraform_version": "1.12.2",
  "serial": 9,
  "lineage": "8f60fb05-2afa-1530-1ac7-7aaa683715b3",
  "outputs": {},
  "resources": [
    {
      "mode": "managed",
      "type": "local_file",
      "name": "my_file",
      "provider": "provider[\"registry.terraform.io/hashicorp/local\"]",
      "instances": [
        {
          "schema_version": 0,
          "attributes": {
            "content": "this is my first file automated",
            "content_base64": null,
            "content_base64sha256": "XbBRXHjy7IJG52yo640DqEezeg4XAOD1em+etbiIfkY=",
            "content_base64sha512": "uW5g8O5wxFdwPLJmFPJpTepOvl2J1PThaPYnicH5TwG2iuUKAqkOcPVeTpuFT0ak01sWu14S1zFZ0g5xNq94/g==",
            "content_md5": "8d0604c2da28e354f12c3bc961f83ba2",
            "content_sha1": "ce6a6c3f6bc8539bde002e4508b42673b1ff065d",
            "content_sha256": "5db0515c78f2ec8246e76ca8eb8d03a847b37a0e1700e0f57a6f9eb5b8887e46",
            "content_sha512": "b96e60f0ee70c457703cb26614f2694dea4ebe5d89d4f4e168f62789c1f94f01b68ae50a02a90e70f55e4e9b854f46a4d35b16bb5e12d73159d20e7136af78fe",
            "directory_permission": "0777",
            "file_permission": "766",
            "filename": "first.txt",
            "id": "ce6a6c3f6bc8539bde002e4508b42673b1ff065d",
            "sensitive_content": null,
            "source": null
          },
          "sensitive_attributes": [
            [
              {
                "type": "get_attr",
                "value": "sensitive_content"
              }
            ]
          ],
          "identity_schema_version": 0
        }
      ]
    }
  ],
  "check_results": null
}
